
Microsoft Visual Studio Solution File, Format Version 12.00
# Visual Studio 15
VisualStudioVersion = 15.0.28307.1267
MinimumVisualStudioVersion = 10.0.40219.1
Project("{8BC9CEB8-8B4A-11D0-8D11-00A0C91BC942}") = "CPP201b_PE_tanpnmce130084", "CPP201b_PE_tanpnmce130084\CPP201b_PE_tanpnmce130084.vcxproj", "{9F999289-0EB1-4B20-AE01-D1B0E936903F}"
EndProject
Project("{8BC9CEB8-8B4A-11D0-8D11-00A0C91BC942}") = "Question 2", "Question 2\Question 2.vcxproj", "{340A8A7E-42E4-4C86-AFE2-6E58321D17FC}"
EndProject
Project("{8BC9CEB8-8B4A-11D0-8D11-00A0C91BC942}") = "Question 3", "Question 3\Question 3.vcxproj", "{94F791EE-59CE-4906-9904-A72AA0D3A8D7}"
EndProject
Global
	GlobalSection(SolutionConfigurationPlatforms) = preSolution
		Debug|x64 = Debug|x64
		Debug|x86 = Debug|x86
		Release|x64 = Release|x64
		Release|x86 = Release|x86
	EndGlobalSection
	GlobalSection(ProjectConfigurationPlatforms) = postSolution
		{9F999289-0EB1-4B20-AE01-D1B0E936903F}.Debug|x64.ActiveCfg = Debug|x64
		{9F999289-0EB1-4B20-AE01-D1B0E936903F}.Debug|x64.Build.0 = Debug|x64
		{9F999289-0EB1-4B20-AE01-D1B0E936903F}.Debug|x86.ActiveCfg = Debug|Win32
		{9F999289-0EB1-4B20-AE01-D1B0E936903F}.Debug|x86.Build.0 = Debug|Win32
		{9F999289-0EB1-4B20-AE01-D1B0E936903F}.Release|x64.ActiveCfg = Release|x64
		{9F999289-0EB1-4B20-AE01-D1B0E936903F}.Release|x64.Build.0 = Release|x64
		{9F999289-0EB1-4B20-AE01-D1B0E936903F}.Release|x86.ActiveCfg = Release|Win32
		{9F999289-0EB1-4B20-AE01-D1B0E936903F}.Release|x86.Build.0 = Release|Win32
		{340A8A7E-42E4-4C86-AFE2-6E58321D17FC}.Debug|x64.ActiveCfg = Debug|x64
		{340A8A7E-42E4-4C86-AFE2-6E58321D17FC}.Debug|x64.Build.0 = Debug|x64
		{340A8A7E-42E4-4C86-AFE2-6E58321D17FC}.Debug|x86.ActiveCfg = Debug|Win32
		{340A8A7E-42E4-4C86-AFE2-6E58321D17FC}.Debug|x86.Build.0 = Debug|Win32
		{340A8A7E-42E4-4C86-AFE2-6E58321D17FC}.Release|x64.ActiveCfg = Release|x64
		{340A8A7E-42E4-4C86-AFE2-6E58321D17FC}.Release|x64.Build.0 = Release|x64
		{340A8A7E-42E4-4C86-AFE2-6E58321D17FC}.Release|x86.ActiveCfg = Release|Win32
		{340A8A7E-42E4-4C86-AFE2-6E58321D17FC}.Release|x86.Build.0 = Release|Win32
		{94F791EE-59CE-4906-9904-A72AA0D3A8D7}.Debug|x64.ActiveCfg = Debug|x64
		{94F791EE-59CE-4906-9904-A72AA0D3A8D7}.Debug|x64.Build.0 = Debug|x64
		{94F791EE-59CE-4906-9904-A72AA0D3A8D7}.Debug|x86.ActiveCfg = Debug|Win32
		{94F791EE-59CE-4906-9904-A72AA0D3A8D7}.Debug|x86.Build.0 = Debug|Win32
		{94F791EE-59CE-4906-9904-A72AA0D3A8D7}.Release|x64.ActiveCfg = Release|x64
		{94F791EE-59CE-4906-9904-A72AA0D3A8D7}.Release|x64.Build.0 = Release|x64
		{94F791EE-59CE-4906-9904-A72AA0D3A8D7}.Release|x86.ActiveCfg = Release|Win32
		{94F791EE-59CE-4906-9904-A72AA0D3A8D7}.Release|x86.Build.0 = Release|Win32
	EndGlobalSection
	GlobalSection(SolutionProperties) = preSolution
		HideSolutionNode = FALSE
	EndGlobalSection
	GlobalSection(ExtensibilityGlobals) = postSolution
		SolutionGuid = {3231D5EA-E6FC-4332-84CD-2BC5F8E7AC16}
	EndGlobalSection
EndGlobal
