
Microsoft Visual Studio Solution File, Format Version 12.00
# Visual Studio 15
VisualStudioVersion = 15.0.28307.1267
MinimumVisualStudioVersion = 10.0.40219.1
Project("{8BC9CEB8-8B4A-11D0-8D11-00A0C91BC942}") = "Assignment 02", "Assignment 02\Assignment 02.vcxproj", "{FC30B86F-FEA3-4ED2-A7BB-3E797630C861}"
EndProject
Global
	GlobalSection(SolutionConfigurationPlatforms) = preSolution
		Debug|x64 = Debug|x64
		Debug|x86 = Debug|x86
		Release|x64 = Release|x64
		Release|x86 = Release|x86
	EndGlobalSection
	GlobalSection(ProjectConfigurationPlatforms) = postSolution
		{FC30B86F-FEA3-4ED2-A7BB-3E797630C861}.Debug|x64.ActiveCfg = Debug|x64
		{FC30B86F-FEA3-4ED2-A7BB-3E797630C861}.Debug|x64.Build.0 = Debug|x64
		{FC30B86F-FEA3-4ED2-A7BB-3E797630C861}.Debug|x86.ActiveCfg = Debug|Win32
		{FC30B86F-FEA3-4ED2-A7BB-3E797630C861}.Debug|x86.Build.0 = Debug|Win32
		{FC30B86F-FEA3-4ED2-A7BB-3E797630C861}.Release|x64.ActiveCfg = Release|x64
		{FC30B86F-FEA3-4ED2-A7BB-3E797630C861}.Release|x64.Build.0 = Release|x64
		{FC30B86F-FEA3-4ED2-A7BB-3E797630C861}.Release|x86.ActiveCfg = Release|Win32
		{FC30B86F-FEA3-4ED2-A7BB-3E797630C861}.Release|x86.Build.0 = Release|Win32
	EndGlobalSection
	GlobalSection(SolutionProperties) = preSolution
		HideSolutionNode = FALSE
	EndGlobalSection
	GlobalSection(ExtensibilityGlobals) = postSolution
		SolutionGuid = {603D009A-07FB-4B84-9042-5C6C34FB1169}
	EndGlobalSection
EndGlobal
